// !$*UTF8*$!
{
	archiveVersion = 1;
	classes = {
	};
	objectVersion = 46;
	objects = {

/* Begin PBXBuildFile section */
		9AE198E44B773E81A4BFFADD /* Pods_messagingapp.framework in Frameworks */ = {isa = PBXBuildFile; fileRef = 964332B7D3BF9EE7B450134B /* Pods_messagingapp.framework */; };
		9C210D8D1E502F9300E9D3CE /* AppDelegate.swift in Sources */ = {isa = PBXBuildFile; fileRef = 9C210D8C1E502F9300E9D3CE /* AppDelegate.swift */; };
		9C210D8F1E502F9300E9D3CE /* ViewController.swift in Sources */ = {isa = PBXBuildFile; fileRef = 9C210D8E1E502F9300E9D3CE /* ViewController.swift */; };
		9C210D921E502F9300E9D3CE /* Main.storyboard in Resources */ = {isa = PBXBuildFile; fileRef = 9C210D901E502F9300E9D3CE /* Main.storyboard */; };
		9C210D941E502F9300E9D3CE /* Assets.xcassets in Resources */ = {isa = PBXBuildFile; fileRef = 9C210D931E502F9300E9D3CE /* Assets.xcassets */; };
		9C210D971E502F9300E9D3CE /* LaunchScreen.storyboard in Resources */ = {isa = PBXBuildFile; fileRef = 9C210D951E502F9300E9D3CE /* LaunchScreen.storyboard */; };
		9C210DA11E50300200E9D3CE /* GoogleService-Info.plist in Resources */ = {isa = PBXBuildFile; fileRef = 9C210DA01E50300200E9D3CE /* GoogleService-Info.plist */; };
		9C210DA31E5546A800E9D3CE /* ComposeViewController.swift in Sources */ = {isa = PBXBuildFile; fileRef = 9C210DA21E5546A800E9D3CE /* ComposeViewController.swift */; };
/* End PBXBuildFile section */

/* Begin PBXFileReference section */
		9535C1877DD6961514149BB3 /* Pods-messagingapp.release.xcconfig */ = {isa = PBXFileReference; includeInIndex = 1; lastKnownFileType = text.xcconfig; name = "Pods-messagingapp.release.xcconfig"; path = "Pods/Target Support Files/Pods-messagingapp/Pods-messagingapp.release.xcconfig"; sourceTree = "<group>"; };
		964332B7D3BF9EE7B450134B /* Pods_messagingapp.framework */ = {isa = PBXFileReference; explicitFileType = wrapper.framework; includeInIndex = 0; path = Pods_messagingapp.framework; sourceTree = BUILT_PRODUCTS_DIR; };
		9C210D891E502F9300E9D3CE /* messagingapp.app */ = {isa = PBXFileReference; explicitFileType = wrapper.application; includeInIndex = 0; path = messagingapp.app; sourceTree = BUILT_PRODUCTS_DIR; };
		9C210D8C1E502F9300E9D3CE /* AppDelegate.swift */ = {isa = PBXFileReference; lastKnownFileType = sourcecode.swift; path = AppDelegate.swift; sourceTree = "<group>"; };
		9C210D8E1E502F9300E9D3CE /* ViewController.swift */ = {isa = PBXFileReference; lastKnownFileType = sourcecode.swift; path = ViewController.swift; sourceTree = "<group>"; };
		9C210D911E502F9300E9D3CE /* Base */ = {isa = PBXFileReference; lastKnownFileType = file.storyboard; name = Base; path = Base.lproj/Main.storyboard; sourceTree = "<group>"; };
		9C210D931E502F9300E9D3CE /* Assets.xcassets */ = {isa = PBXFileReference; lastKnownFileType = folder.assetcatalog; path = Assets.xcassets; sourceTree = "<group>"; };
		9C210D961E502F9300E9D3CE /* Base */ = {isa = PBXFileReference; lastKnownFileType = file.storyboard; name = Base; path = Base.lproj/LaunchScreen.storyboard; sourceTree = "<group>"; };
		9C210D981E502F9300E9D3CE /* Info.plist */ = {isa = PBXFileReference; lastKnownFileType = text.plist.xml; path = Info.plist; sourceTree = "<group>"; };
		9C210DA01E50300200E9D3CE /* GoogleService-Info.plist */ = {isa = PBXFileReference; fileEncoding = 4; lastKnownFileType = text.plist.xml; path = "GoogleService-Info.plist"; sourceTree = "<group>"; };
		9C210DA21E5546A800E9D3CE /* ComposeViewController.swift */ = {isa = PBXFileReference; fileEncoding = 4; lastKnownFileType = sourcecode.swift; path = ComposeViewController.swift; sourceTree = "<group>"; };
		A3467333359A01BFEDE29EF3 /* Pods-messagingapp.debug.xcconfig */ = {isa = PBXFileReference; includeInIndex = 1; lastKnownFileType = text.xcconfig; name = "Pods-messagingapp.debug.xcconfig"; path = "Pods/Target Support Files/Pods-messagingapp/Pods-messagingapp.debug.xcconfig"; sourceTree = "<group>"; };
/* End PBXFileReference section */

/* Begin PBXFrameworksBuildPhase section */
		9C210D861E502F9300E9D3CE /* Frameworks */ = {
			isa = PBXFrameworksBuildPhase;
			buildActionMask = 2147483647;
			files = (
				9AE198E44B773E81A4BFFADD /* Pods_messagingapp.framework in Frameworks */,
			);
			runOnlyForDeploymentPostprocessing = 0;
		};
/* End PBXFrameworksBuildPhase section */

/* Begin PBXGroup section */
		1B460025829396C15B42E6F0 /* Pods */ = {
			isa = PBXGroup;
			children = (
				A3467333359A01BFEDE29EF3 /* Pods-messagingapp.debug.xcconfig */,
				9535C1877DD6961514149BB3 /* Pods-messagingapp.release.xcconfig */,
			);
			name = Pods;
			sourceTree = "<group>";
		};
		257A4A586D233093FE0CF777 /* Frameworks */ = {
			isa = PBXGroup;
			children = (
				964332B7D3BF9EE7B450134B /* Pods_messagingapp.framework */,
			);
			name = Frameworks;
			sourceTree = "<group>";
		};
		9C210D801E502F9300E9D3CE = {
			isa = PBXGroup;
			children = (
				9C210D8B1E502F9300E9D3CE /* messagingapp */,
				9C210D8A1E502F9300E9D3CE /* Products */,
				1B460025829396C15B42E6F0 /* Pods */,
				257A4A586D233093FE0CF777 /* Frameworks */,
			);
			sourceTree = "<group>";
		};
		9C210D8A1E502F9300E9D3CE /* Products */ = {
			isa = PBXGroup;
			children = (
				9C210D891E502F9300E9D3CE /* messagingapp.app */,
			);
			name = Products;
			sourceTree = "<group>";
		};
		9C210D8B1E502F9300E9D3CE /* messagingapp */ = {
			isa = PBXGroup;
			children = (
				9C210D8C1E502F9300E9D3CE /* AppDelegate.swift */,
				9C210D8E1E502F9300E9D3CE /* ViewController.swift */,
				9C210DA21E5546A800E9D3CE /* ComposeViewController.swift */,
				9C210D901E502F9300E9D3CE /* Main.storyboard */,
				9C210D931E502F9300E9D3CE /* Assets.xcassets */,
				9C210D951E502F9300E9D3CE /* LaunchScreen.storyboard */,
				9C210D981E502F9300E9D3CE /* Info.plist */,
				9C210DA01E50300200E9D3CE /* GoogleService-Info.plist */,
			);
			path = messagingapp;
			sourceTree = "<group>";
		};
/* End PBXGroup section */

/* Begin PBXNativeTarget section */
		9C210D881E502F9300E9D3CE /* messagingapp */ = {
			isa = PBXNativeTarget;
			buildConfigurationList = 9C210D9B1E502F9300E9D3CE /* Build configuration list for PBXNativeTarget "messagingapp" */;
			buildPhases = (
				15AC06C82C1BCD6448985939 /* [CP] Check Pods Manifest.lock */,
				9C210D851E502F9300E9D3CE /* Sources */,
				9C210D861E502F9300E9D3CE /* Frameworks */,
				9C210D871E502F9300E9D3CE /* Resources */,
				5B49147F0727F7A2B3708E0F /* [CP] Embed Pods Frameworks */,
				7D3164C5C38506211E343619 /* [CP] Copy Pods Resources */,
			);
			buildRules = (
			);
			dependencies = (
			);
			name = messagingapp;
			productName = messagingapp;
			productReference = 9C210D891E502F9300E9D3CE /* messagingapp.app */;
			productType = "com.apple.product-type.application";
		};
/* End PBXNativeTarget section */

/* Begin PBXProject section */
		9C210D811E502F9300E9D3CE /* Project object */ = {
			isa = PBXProject;
			attributes = {
				LastSwiftUpdateCheck = 0820;
				LastUpgradeCheck = 0820;
				ORGANIZATIONNAME = "Jonathon Vega";
				TargetAttributes = {
					9C210D881E502F9300E9D3CE = {
						CreatedOnToolsVersion = 8.2.1;
						DevelopmentTeam = PUPPU9RL5K;
						ProvisioningStyle = Automatic;
					};
				};
			};
			buildConfigurationList = 9C210D841E502F9300E9D3CE /* Build configuration list for PBXProject "messagingapp" */;
			compatibilityVersion = "Xcode 3.2";
			developmentRegion = English;
			hasScannedForEncodings = 0;
			knownRegions = (
				en,
				Base,
			);
			mainGroup = 9C210D801E502F9300E9D3CE;
			productRefGroup = 9C210D8A1E502F9300E9D3CE /* Products */;
			projectDirPath = "";
			projectRoot = "";
			targets = (
				9C210D881E502F9300E9D3CE /* messagingapp */,
			);
		};
/* End PBXProject section */

/* Begin PBXResourcesBuildPhase section */
		9C210D871E502F9300E9D3CE /* Resources */ = {
			isa = PBXResourcesBuildPhase;
			buildActionMask = 2147483647;
			files = (
				9C210D971E502F9300E9D3CE /* LaunchScreen.storyboard in Resources */,
				9C210DA11E50300200E9D3CE /* GoogleService-Info.plist in Resources */,
				9C210D941E502F9300E9D3CE /* Assets.xcassets in Resources */,
				9C210D921E502F9300E9D3CE /* Main.storyboard in Resources */,
			);
			runOnlyForDeploymentPostprocessing = 0;
		};
/* End PBXResourcesBuildPhase section */

/* Begin PBXShellScriptBuildPhase section */
		15AC06C82C1BCD6448985939 /* [CP] Check Pods Manifest.lock */ = {
			isa = PBXShellScriptBuildPhase;
			buildActionMask = 2147483647;
			files = (
			);
			inputPaths = (
			);
			name = "[CP] Check Pods Manifest.lock";
			outputPaths = (
			);
			runOnlyForDeploymentPostprocessing = 0;
			shellPath = /bin/sh;
			shellScript = "diff \"${PODS_ROOT}/../Podfile.lock\" \"${PODS_ROOT}/Manifest.lock\" > /dev/null\nif [ $? != 0 ] ; then\n    # print error to STDERR\n    echo \"error: The sandbox is not in sync with the Podfile.lock. Run 'pod install' or update your CocoaPods installation.\" >&2\n    exit 1\nfi\n";
			showEnvVarsInLog = 0;
		};
		5B49147F0727F7A2B3708E0F /* [CP] Embed Pods Frameworks */ = {
			isa = PBXShellScriptBuildPhase;
			buildActionMask = 2147483647;
			files = (
			);
			inputPaths = (
			);
			name = "[CP] Embed Pods Frameworks";
			outputPaths = (
			);
			runOnlyForDeploymentPostprocessing = 0;
			shellPath = /bin/sh;
			shellScript = "\"${SRCROOT}/Pods/Target Support Files/Pods-messagingapp/Pods-messagingapp-frameworks.sh\"\n";
			showEnvVarsInLog = 0;
		};
		7D3164C5C38506211E343619 /* [CP] Copy Pods Resources */ = {
			isa = PBXShellScriptBuildPhase;
			buildActionMask = 2147483647;
			files = (
			);
			inputPaths = (
			);
			name = "[CP] Copy Pods Resources";
			outputPaths = (
			);
			runOnlyForDeploymentPostprocessing = 0;
			shellPath = /bin/sh;
			shellScript = "\"${SRCROOT}/Pods/Target Support Files/Pods-messagingapp/Pods-messagingapp-resources.sh\"\n";
			showEnvVarsInLog = 0;
		};
/* End PBXShellScriptBuildPhase section */

/* Begin PBXSourcesBuildPhase section */
		9C210D851E502F9300E9D3CE /* Sources */ = {
			isa = PBXSourcesBuildPhase;
			buildActionMask = 2147483647;
			files = (
				9C210DA31E5546A800E9D3CE /* ComposeViewController.swift in Sources */,
				9C210D8F1E502F9300E9D3CE /* ViewController.swift in Sources */,
				9C210D8D1E502F9300E9D3CE /* AppDelegate.swift in Sources */,
			);
			runOnlyForDeploymentPostprocessing = 0;
		};
/* End PBXSourcesBuildPhase section */

/* Begin PBXVariantGroup section */
		9C210D901E502F9300E9D3CE /* Main.storyboard */ = {
			isa = PBXVariantGroup;
			children = (
				9C210D911E502F9300E9D3CE /* Base */,
			);
			name = Main.storyboard;
			sourceTree = "<group>";
		};
		9C210D951E502F9300E9D3CE /* LaunchScreen.storyboard */ = {
			isa = PBXVariantGroup;
			children = (
				9C210D961E502F9300E9D3CE /* Base */,
			);
			name = LaunchScreen.storyboard;
			sourceTree = "<group>";
		};
/* End PBXVariantGroup section */

/* Begin XCBuildConfiguration section */
		9C210D991E502F9300E9D3CE /* Debug */ = {
			isa = XCBuildConfiguration;
			buildSettings = {
				ALWAYS_SEARCH_USER_PATHS = NO;
				CLANG_ANALYZER_NONNULL = YES;
				CLANG_CXX_LANGUAGE_STANDARD = "gnu++0x";
				CLANG_CXX_LIBRARY = "libc++";
				CLANG_ENABLE_MODULES = YES;
				CLANG_ENABLE_OBJC_ARC = YES;
				CLANG_WARN_BOOL_CONVERSION = YES;
				CLANG_WARN_CONSTANT_CONVERSION = YES;
				CLANG_WARN_DIRECT_OBJC_ISA_USAGE = YES_ERROR;
				CLANG_WARN_DOCUMENTATION_COMMENTS = YES;
				CLANG_WARN_EMPTY_BODY = YES;
				CLANG_WARN_ENUM_CONVERSION = YES;
				CLANG_WARN_INFINITE_RECURSION = YES;
				CLANG_WARN_INT_CONVERSION = YES;
				CLANG_WARN_OBJC_ROOT_CLASS = YES_ERROR;
				CLANG_WARN_SUSPICIOUS_MOVE = YES;
				CLANG_WARN_UNREACHABLE_CODE = YES;
				CLANG_WARN__DUPLICATE_METHOD_MATCH = YES;
				"CODE_SIGN_IDENTITY[sdk=iphoneos*]" = "iPhone Developer";
				COPY_PHASE_STRIP = NO;
				DEBUG_INFORMATION_FORMAT = dwarf;
				ENABLE_STRICT_OBJC_MSGSEND = YES;
				ENABLE_TESTABILITY = YES;
				GCC_C_LANGUAGE_STANDARD = gnu99;
				GCC_DYNAMIC_NO_PIC = NO;
				GCC_NO_COMMON_BLOCKS = YES;
				GCC_OPTIMIZATION_LEVEL = 0;
				GCC_PREPROCESSOR_DEFINITIONS = (
					"DEBUG=1",
					"$(inherited)",
				);
				GCC_WARN_64_TO_32_BIT_CONVERSION = YES;
				GCC_WARN_ABOUT_RETURN_TYPE = YES_ERROR;
				GCC_WARN_UNDECLARED_SELECTOR = YES;
				GCC_WARN_UNINITIALIZED_AUTOS = YES_AGGRESSIVE;
				GCC_WARN_UNUSED_FUNCTION = YES;
				GCC_WARN_UNUSED_VARIABLE = YES;
				IPHONEOS_DEPLOYMENT_TARGET = 10.2;
				MTL_ENABLE_DEBUG_INFO = YES;
				ONLY_ACTIVE_ARCH = YES;
				SDKROOT = iphoneos;
				SWIFT_ACTIVE_COMPILATION_CONDITIONS = DEBUG;
				SWIFT_OPTIMIZATION_LEVEL = "-Onone";
			};
			name = Debug;
		};
		9C210D9A1E502F9300E9D3CE /* Release */ = {
			isa = XCBuildConfiguration;
			buildSettings = {
				ALWAYS_SEARCH_USER_PATHS = NO;
				CLANG_ANALYZER_NONNULL = YES;
				CLANG_CXX_LANGUAGE_STANDARD = "gnu++0x";
				CLANG_CXX_LIBRARY = "libc++";
				CLANG_ENABLE_MODULES = YES;
				CLANG_ENABLE_OBJC_ARC = YES;
				CLANG_WARN_BOOL_CONVERSION = YES;
				CLANG_WARN_CONSTANT_CONVERSION = YES;
				CLANG_WARN_DIRECT_OBJC_ISA_USAGE = YES_ERROR;
				CLANG_WARN_DOCUMENTATION_COMMENTS = YES;
				CLANG_WARN_EMPTY_BODY = YES;
				CLANG_WARN_ENUM_CONVERSION = YES;
				CLANG_WARN_INFINITE_RECURSION = YES;
				CLANG_WARN_INT_CONVERSION = YES;
				CLANG_WARN_OBJC_ROOT_CLASS = YES_ERROR;
				CLANG_WARN_SUSPICIOUS_MOVE = YES;
				CLANG_WARN_UNREACHABLE_CODE = YES;
				CLANG_WARN__DUPLICATE_METHOD_MATCH = YES;
				"CODE_SIGN_IDENTITY[sdk=iphoneos*]" = "iPhone Developer";
				COPY_PHASE_STRIP = NO;
				DEBUG_INFORMATION_FORMAT = "dwarf-with-dsym";
				ENABLE_NS_ASSERTIONS = NO;
				ENABLE_STRICT_OBJC_MSGSEND = YES;
				GCC_C_LANGUAGE_STANDARD = gnu99;
				GCC_NO_COMMON_BLOCKS = YES;
				GCC_WARN_64_TO_32_BIT_CONVERSION = YES;
				GCC_WARN_ABOUT_RETURN_TYPE = YES_ERROR;
				GCC_WARN_UNDECLARED_SELECTOR = YES;
				GCC_WARN_UNINITIALIZED_AUTOS = YES_AGGRESSIVE;
				GCC_WARN_UNUSED_FUNCTION = YES;
				GCC_WARN_UNUSED_VARIABLE = YES;
				IPHONEOS_DEPLOYMENT_TARGET = 10.2;
				MTL_ENABLE_DEBUG_INFO = NO;
				SDKROOT = iphoneos;
				SWIFT_OPTIMIZATION_LEVEL = "-Owholemodule";
				VALIDATE_PRODUCT = YES;
			};
			name = Release;
		};
		9C210D9C1E502F9300E9D3CE /* Debug */ = {
			isa = XCBuildConfiguration;
			baseConfigurationReference = A3467333359A01BFEDE29EF3 /* Pods-messagingapp.debug.xcconfig */;
			buildSettings = {
				ASSETCATALOG_COMPILER_APPICON_NAME = AppIcon;
				DEVELOPMENT_TEAM = PUPPU9RL5K;
				INFOPLIST_FILE = messagingapp/Info.plist;
				LD_RUNPATH_SEARCH_PATHS = "$(inherited) @executable_path/Frameworks";
				PRODUCT_BUNDLE_IDENTIFIER = com.jonathonvega.messagingapp;
				PRODUCT_NAME = "$(TARGET_NAME)";
				SWIFT_VERSION = 3.0;
			};
			name = Debug;
		};
		9C210D9D1E502F9300E9D3CE /* Release */ = {
			isa = XCBuildConfiguration;
			baseConfigurationReference = 9535C1877DD6961514149BB3 /* Pods-messagingapp.release.xcconfig */;
			buildSettings = {
				ASSETCATALOG_COMPILER_APPICON_NAME = AppIcon;
				DEVELOPMENT_TEAM = PUPPU9RL5K;
				INFOPLIST_FILE = messagingapp/Info.plist;
				LD_RUNPATH_SEARCH_PATHS = "$(inherited) @executable_path/Frameworks";
				PRODUCT_BUNDLE_IDENTIFIER = com.jonathonvega.messagingapp;
				PRODUCT_NAME = "$(TARGET_NAME)";
				SWIFT_VERSION = 3.0;
			};
			name = Release;
		};
/* End XCBuildConfiguration section */

/* Begin XCConfigurationList section */
		9C210D841E502F9300E9D3CE /* Build configuration list for PBXProject "messagingapp" */ = {
			isa = XCConfigurationList;
			buildConfigurations = (
				9C210D991E502F9300E9D3CE /* Debug */,
				9C210D9A1E502F9300E9D3CE /* Release */,
			);
			defaultConfigurationIsVisible = 0;
			defaultConfigurationName = Release;
		};
		9C210D9B1E502F9300E9D3CE /* Build configuration list for PBXNativeTarget "messagingapp" */ = {
			isa = XCConfigurationList;
			buildConfigurations = (
				9C210D9C1E502F9300E9D3CE /* Debug */,
				9C210D9D1E502F9300E9D3CE /* Release */,
			);
			defaultConfigurationIsVisible = 0;
			defaultConfigurationName = Release;
		};
/* End XCConfigurationList section */
	};
	rootObject = 9C210D811E502F9300E9D3CE /* Project object */;
}
